
Microsoft Visual Studio Solution File, Format Version 12.00
# Visual Studio 15
VisualStudioVersion = 15.0.27428.2037
MinimumVisualStudioVersion = 10.0.40219.1
Project("{FAE04EC0-301F-11D3-BF4B-00C04F79EFBC}") = "Painter", "Painter\Painter.csproj", "{EAC62096-A3B5-4819-84D4-A8DA712984EE}"
EndProject
Global
	GlobalSection(SolutionConfigurationPlatforms) = preSolution
		Debug|Any CPU = Debug|Any CPU
		Release|Any CPU = Release|Any CPU
	EndGlobalSection
	GlobalSection(ProjectConfigurationPlatforms) = postSolution
		{EAC62096-A3B5-4819-84D4-A8DA712984EE}.Debug|Any CPU.ActiveCfg = Debug|Any CPU
		{EAC62096-A3B5-4819-84D4-A8DA712984EE}.Debug|Any CPU.Build.0 = Debug|Any CPU
		{EAC62096-A3B5-4819-84D4-A8DA712984EE}.Release|Any CPU.ActiveCfg = Release|Any CPU
		{EAC62096-A3B5-4819-84D4-A8DA712984EE}.Release|Any CPU.Build.0 = Release|Any CPU
	EndGlobalSection
	GlobalSection(SolutionProperties) = preSolution
		HideSolutionNode = FALSE
	EndGlobalSection
	GlobalSection(ExtensibilityGlobals) = postSolution
		SolutionGuid = {FC5B2EB4-1FE3-40AF-A974-F444C259E980}
	EndGlobalSection
EndGlobal
